{
  "name": "juegoadivinarservidor",
  "version": "1.0.0",
  "lockfileVersion": 3,
  "requires": true,
  "packages": {
    "": {
      "name": "juegoadivinarservidor",
      "version": "1.0.0",
      "license": "ISC",
      "dependencies": {
        "@google/generative-ai": "^0.10.0",
        "ws": "^8.16.0"
      }
    },
    "node_modules/@google/generative-ai": {
      "version": "0.10.0",
      "resolved": "https://registry.npmjs.org/@google/generative-ai/-/generative-ai-0.10.0.tgz",
      "integrity": "sha512-fZJEL8DcDgvBCguLdaAdBBEoh+83LDXK3m9rVh5iksvwVJDgZqkpsLGKJuM5FEBKltWhbJ62WSyMEUGgy8eMUg==",
      "engines": {
        "node": ">=18.0.0"
      }
    },
    "node_modules/ws": {
      "version": "8.17.0",
      "resolved": "https://registry.npmjs.org/ws/-/ws-8.17.0.tgz",
      "integrity": "sha512-uJq6108EgZMAl20KagGkzCKfMEjxmKvZHG7Tlq0Z6nOky7YF7aq4mOx6xK8TJ/i1LeK4Qus7INktacctDgY8Ow==",
      "engines": {
        "node": ">=10.0.0"
      },
      "peerDependencies": {
        "bufferutil": "^4.0.1",
        "utf-8-validate": ">=5.0.2"
      },
      "peerDependenciesMeta": {
        "bufferutil": {
          "optional": true
        },
        "utf-8-validate": {
          "optional": true
        }
      }
    }
  }
}
